
Microsoft Visual Studio Solution File, Format Version 12.00
# Visual Studio Version 17
VisualStudioVersion = 17.6.33815.320
MinimumVisualStudioVersion = 10.0.40219.1
Project("{FAE04EC0-301F-11D3-BF4B-00C04F79EFBC}") = "Module3HW3", "Module3HW3.csproj", "{B6D534F0-0664-44E5-8AF1-34437D53F5BF}"
EndProject
Global
	GlobalSection(SolutionConfigurationPlatforms) = preSolution
		Debug|Any CPU = Debug|Any CPU
		Release|Any CPU = Release|Any CPU
	EndGlobalSection
	GlobalSection(ProjectConfigurationPlatforms) = postSolution
		{B6D534F0-0664-44E5-8AF1-34437D53F5BF}.Debug|Any CPU.ActiveCfg = Debug|Any CPU
		{B6D534F0-0664-44E5-8AF1-34437D53F5BF}.Debug|Any CPU.Build.0 = Debug|Any CPU
		{B6D534F0-0664-44E5-8AF1-34437D53F5BF}.Release|Any CPU.ActiveCfg = Release|Any CPU
		{B6D534F0-0664-44E5-8AF1-34437D53F5BF}.Release|Any CPU.Build.0 = Release|Any CPU
	EndGlobalSection
	GlobalSection(SolutionProperties) = preSolution
		HideSolutionNode = FALSE
	EndGlobalSection
	GlobalSection(ExtensibilityGlobals) = postSolution
		SolutionGuid = {2BCF10F6-6284-4451-A7AB-A94E3E93FF94}
	EndGlobalSection
EndGlobal
